
Microsoft Visual Studio Solution File, Format Version 12.00
# Visual Studio Version 17
VisualStudioVersion = 17.9.34714.143
MinimumVisualStudioVersion = 10.0.40219.1
Project("{FAE04EC0-301F-11D3-BF4B-00C04F79EFBC}") = "3Sum", "3Sum\3Sum.csproj", "{29064567-5276-44EC-83F8-5BE8DD7E3732}"
EndProject
Project("{2150E333-8FDC-42A3-9474-1A3956D46DE8}") = "Shared", "Shared", "{314E020C-B45C-495F-8B07-264F471B69CB}"
EndProject
Project("{2150E333-8FDC-42A3-9474-1A3956D46DE8}") = "Projects", "Projects", "{11D4C145-FA42-4ACA-A486-404CC2AB9F2B}"
EndProject
Project("{FAE04EC0-301F-11D3-BF4B-00C04F79EFBC}") = "Shared", "Shared\Shared.csproj", "{56822E39-B71F-48FE-8313-AC0D99E7EEE3}"
EndProject
Project("{FAE04EC0-301F-11D3-BF4B-00C04F79EFBC}") = "ReverseInteger", "ReverseInteger\ReverseInteger.csproj", "{9874D306-47D7-4A9A-951C-986EF28EDF5D}"
EndProject
Project("{FAE04EC0-301F-11D3-BF4B-00C04F79EFBC}") = "ZigzagConversion", "ZigzagConversion\ZigzagConversion.csproj", "{FB1FE8BA-A96D-42C6-A428-98830EF62060}"
EndProject
Project("{FAE04EC0-301F-11D3-BF4B-00C04F79EFBC}") = "AddTwoNumbers", "AddTwoNumbers\AddTwoNumbers.csproj", "{8B4B0535-01B0-436B-B9C1-3EE64A018C7F}"
EndProject
Project("{FAE04EC0-301F-11D3-BF4B-00C04F79EFBC}") = "SlidingWindowMaximum", "SlidingWindowMaximum\SlidingWindowMaximum.csproj", "{977B29BC-B363-4799-B4F6-00D049E56BFC}"
EndProject
Project("{FAE04EC0-301F-11D3-BF4B-00C04F79EFBC}") = "NumberOfDigitOne", "NumberOfDigitOne\NumberOfDigitOne.csproj", "{96EE2B30-7ADE-45F2-B924-8CF0B0538D56}"
EndProject
Project("{FAE04EC0-301F-11D3-BF4B-00C04F79EFBC}") = "EarliestPossibleDayOfFullBloom", "EarliestPossibleDayOfFullBloom\EarliestPossibleDayOfFullBloom.csproj", "{3C9D417F-44E3-404D-B45C-5A48AA160344}"
EndProject
Project("{FAE04EC0-301F-11D3-BF4B-00C04F79EFBC}") = "PermutationSequence", "PermutationSequence\PermutationSequence.csproj", "{62A26F63-8143-4A62-979B-AA6FDBB333B7}"
EndProject
Project("{FAE04EC0-301F-11D3-BF4B-00C04F79EFBC}") = "ValidNumber", "ValidNumber\ValidNumber.csproj", "{0D345A05-3F5F-48D9-A4AA-21CF96F402C2}"
EndProject
Project("{FAE04EC0-301F-11D3-BF4B-00C04F79EFBC}") = "ExpressionAddOperators", "ExpressionAddOperators\ExpressionAddOperators.csproj", "{19B568D7-472A-4EE0-ABB1-A38F658FE72A}"
EndProject
Project("{FAE04EC0-301F-11D3-BF4B-00C04F79EFBC}") = "LargestRectangleArea", "LargestRectangleArea\LargestRectangleArea.csproj", "{B1CA2098-AD49-46FF-8AB0-B5B9D8A8D7B6}"
EndProject
Project("{FAE04EC0-301F-11D3-BF4B-00C04F79EFBC}") = "IntegerToEnglishWords", "IntegerToEnglishWords\IntegerToEnglishWords.csproj", "{3FA7731D-FB2A-4154-8990-ADC1CA79588B}"
EndProject
Project("{FAE04EC0-301F-11D3-BF4B-00C04F79EFBC}") = "FirstMissingPositive", "FirstMissingPositive\FirstMissingPositive.csproj", "{E784999D-109E-4CF3-949A-3865A73507E8}"
EndProject
Global
	GlobalSection(SolutionConfigurationPlatforms) = preSolution
		Debug|Any CPU = Debug|Any CPU
		Release|Any CPU = Release|Any CPU
	EndGlobalSection
	GlobalSection(ProjectConfigurationPlatforms) = postSolution
		{29064567-5276-44EC-83F8-5BE8DD7E3732}.Debug|Any CPU.ActiveCfg = Debug|Any CPU
		{29064567-5276-44EC-83F8-5BE8DD7E3732}.Debug|Any CPU.Build.0 = Debug|Any CPU
		{29064567-5276-44EC-83F8-5BE8DD7E3732}.Release|Any CPU.ActiveCfg = Release|Any CPU
		{29064567-5276-44EC-83F8-5BE8DD7E3732}.Release|Any CPU.Build.0 = Release|Any CPU
		{56822E39-B71F-48FE-8313-AC0D99E7EEE3}.Debug|Any CPU.ActiveCfg = Debug|Any CPU
		{56822E39-B71F-48FE-8313-AC0D99E7EEE3}.Debug|Any CPU.Build.0 = Debug|Any CPU
		{56822E39-B71F-48FE-8313-AC0D99E7EEE3}.Release|Any CPU.ActiveCfg = Release|Any CPU
		{56822E39-B71F-48FE-8313-AC0D99E7EEE3}.Release|Any CPU.Build.0 = Release|Any CPU
		{9874D306-47D7-4A9A-951C-986EF28EDF5D}.Debug|Any CPU.ActiveCfg = Debug|Any CPU
		{9874D306-47D7-4A9A-951C-986EF28EDF5D}.Debug|Any CPU.Build.0 = Debug|Any CPU
		{9874D306-47D7-4A9A-951C-986EF28EDF5D}.Release|Any CPU.ActiveCfg = Release|Any CPU
		{9874D306-47D7-4A9A-951C-986EF28EDF5D}.Release|Any CPU.Build.0 = Release|Any CPU
		{FB1FE8BA-A96D-42C6-A428-98830EF62060}.Debug|Any CPU.ActiveCfg = Debug|Any CPU
		{FB1FE8BA-A96D-42C6-A428-98830EF62060}.Debug|Any CPU.Build.0 = Debug|Any CPU
		{FB1FE8BA-A96D-42C6-A428-98830EF62060}.Release|Any CPU.ActiveCfg = Release|Any CPU
		{FB1FE8BA-A96D-42C6-A428-98830EF62060}.Release|Any CPU.Build.0 = Release|Any CPU
		{8B4B0535-01B0-436B-B9C1-3EE64A018C7F}.Debug|Any CPU.ActiveCfg = Debug|Any CPU
		{8B4B0535-01B0-436B-B9C1-3EE64A018C7F}.Debug|Any CPU.Build.0 = Debug|Any CPU
		{8B4B0535-01B0-436B-B9C1-3EE64A018C7F}.Release|Any CPU.ActiveCfg = Release|Any CPU
		{8B4B0535-01B0-436B-B9C1-3EE64A018C7F}.Release|Any CPU.Build.0 = Release|Any CPU
		{977B29BC-B363-4799-B4F6-00D049E56BFC}.Debug|Any CPU.ActiveCfg = Debug|Any CPU
		{977B29BC-B363-4799-B4F6-00D049E56BFC}.Debug|Any CPU.Build.0 = Debug|Any CPU
		{977B29BC-B363-4799-B4F6-00D049E56BFC}.Release|Any CPU.ActiveCfg = Release|Any CPU
		{977B29BC-B363-4799-B4F6-00D049E56BFC}.Release|Any CPU.Build.0 = Release|Any CPU
		{96EE2B30-7ADE-45F2-B924-8CF0B0538D56}.Debug|Any CPU.ActiveCfg = Debug|Any CPU
		{96EE2B30-7ADE-45F2-B924-8CF0B0538D56}.Debug|Any CPU.Build.0 = Debug|Any CPU
		{96EE2B30-7ADE-45F2-B924-8CF0B0538D56}.Release|Any CPU.ActiveCfg = Release|Any CPU
		{96EE2B30-7ADE-45F2-B924-8CF0B0538D56}.Release|Any CPU.Build.0 = Release|Any CPU
		{3C9D417F-44E3-404D-B45C-5A48AA160344}.Debug|Any CPU.ActiveCfg = Debug|Any CPU
		{3C9D417F-44E3-404D-B45C-5A48AA160344}.Debug|Any CPU.Build.0 = Debug|Any CPU
		{3C9D417F-44E3-404D-B45C-5A48AA160344}.Release|Any CPU.ActiveCfg = Release|Any CPU
		{3C9D417F-44E3-404D-B45C-5A48AA160344}.Release|Any CPU.Build.0 = Release|Any CPU
		{62A26F63-8143-4A62-979B-AA6FDBB333B7}.Debug|Any CPU.ActiveCfg = Debug|Any CPU
		{62A26F63-8143-4A62-979B-AA6FDBB333B7}.Debug|Any CPU.Build.0 = Debug|Any CPU
		{62A26F63-8143-4A62-979B-AA6FDBB333B7}.Release|Any CPU.ActiveCfg = Release|Any CPU
		{62A26F63-8143-4A62-979B-AA6FDBB333B7}.Release|Any CPU.Build.0 = Release|Any CPU
		{0D345A05-3F5F-48D9-A4AA-21CF96F402C2}.Debug|Any CPU.ActiveCfg = Debug|Any CPU
		{0D345A05-3F5F-48D9-A4AA-21CF96F402C2}.Debug|Any CPU.Build.0 = Debug|Any CPU
		{0D345A05-3F5F-48D9-A4AA-21CF96F402C2}.Release|Any CPU.ActiveCfg = Release|Any CPU
		{0D345A05-3F5F-48D9-A4AA-21CF96F402C2}.Release|Any CPU.Build.0 = Release|Any CPU
		{19B568D7-472A-4EE0-ABB1-A38F658FE72A}.Debug|Any CPU.ActiveCfg = Debug|Any CPU
		{19B568D7-472A-4EE0-ABB1-A38F658FE72A}.Debug|Any CPU.Build.0 = Debug|Any CPU
		{19B568D7-472A-4EE0-ABB1-A38F658FE72A}.Release|Any CPU.ActiveCfg = Release|Any CPU
		{19B568D7-472A-4EE0-ABB1-A38F658FE72A}.Release|Any CPU.Build.0 = Release|Any CPU
		{B1CA2098-AD49-46FF-8AB0-B5B9D8A8D7B6}.Debug|Any CPU.ActiveCfg = Debug|Any CPU
		{B1CA2098-AD49-46FF-8AB0-B5B9D8A8D7B6}.Debug|Any CPU.Build.0 = Debug|Any CPU
		{B1CA2098-AD49-46FF-8AB0-B5B9D8A8D7B6}.Release|Any CPU.ActiveCfg = Release|Any CPU
		{B1CA2098-AD49-46FF-8AB0-B5B9D8A8D7B6}.Release|Any CPU.Build.0 = Release|Any CPU
		{3FA7731D-FB2A-4154-8990-ADC1CA79588B}.Debug|Any CPU.ActiveCfg = Debug|Any CPU
		{3FA7731D-FB2A-4154-8990-ADC1CA79588B}.Debug|Any CPU.Build.0 = Debug|Any CPU
		{3FA7731D-FB2A-4154-8990-ADC1CA79588B}.Release|Any CPU.ActiveCfg = Release|Any CPU
		{3FA7731D-FB2A-4154-8990-ADC1CA79588B}.Release|Any CPU.Build.0 = Release|Any CPU
		{E784999D-109E-4CF3-949A-3865A73507E8}.Debug|Any CPU.ActiveCfg = Debug|Any CPU
		{E784999D-109E-4CF3-949A-3865A73507E8}.Debug|Any CPU.Build.0 = Debug|Any CPU
		{E784999D-109E-4CF3-949A-3865A73507E8}.Release|Any CPU.ActiveCfg = Release|Any CPU
		{E784999D-109E-4CF3-949A-3865A73507E8}.Release|Any CPU.Build.0 = Release|Any CPU
	EndGlobalSection
	GlobalSection(SolutionProperties) = preSolution
		HideSolutionNode = FALSE
	EndGlobalSection
	GlobalSection(NestedProjects) = preSolution
		{29064567-5276-44EC-83F8-5BE8DD7E3732} = {11D4C145-FA42-4ACA-A486-404CC2AB9F2B}
		{56822E39-B71F-48FE-8313-AC0D99E7EEE3} = {314E020C-B45C-495F-8B07-264F471B69CB}
		{9874D306-47D7-4A9A-951C-986EF28EDF5D} = {11D4C145-FA42-4ACA-A486-404CC2AB9F2B}
		{FB1FE8BA-A96D-42C6-A428-98830EF62060} = {11D4C145-FA42-4ACA-A486-404CC2AB9F2B}
		{8B4B0535-01B0-436B-B9C1-3EE64A018C7F} = {11D4C145-FA42-4ACA-A486-404CC2AB9F2B}
		{977B29BC-B363-4799-B4F6-00D049E56BFC} = {11D4C145-FA42-4ACA-A486-404CC2AB9F2B}
		{96EE2B30-7ADE-45F2-B924-8CF0B0538D56} = {11D4C145-FA42-4ACA-A486-404CC2AB9F2B}
		{3C9D417F-44E3-404D-B45C-5A48AA160344} = {11D4C145-FA42-4ACA-A486-404CC2AB9F2B}
		{62A26F63-8143-4A62-979B-AA6FDBB333B7} = {11D4C145-FA42-4ACA-A486-404CC2AB9F2B}
		{0D345A05-3F5F-48D9-A4AA-21CF96F402C2} = {11D4C145-FA42-4ACA-A486-404CC2AB9F2B}
		{19B568D7-472A-4EE0-ABB1-A38F658FE72A} = {11D4C145-FA42-4ACA-A486-404CC2AB9F2B}
		{B1CA2098-AD49-46FF-8AB0-B5B9D8A8D7B6} = {11D4C145-FA42-4ACA-A486-404CC2AB9F2B}
		{3FA7731D-FB2A-4154-8990-ADC1CA79588B} = {11D4C145-FA42-4ACA-A486-404CC2AB9F2B}
		{E784999D-109E-4CF3-949A-3865A73507E8} = {11D4C145-FA42-4ACA-A486-404CC2AB9F2B}
	EndGlobalSection
	GlobalSection(ExtensibilityGlobals) = postSolution
		SolutionGuid = {A76CA700-45F6-4D77-A278-DC5F2F561CF9}
	EndGlobalSection
EndGlobal
